schema: '2.0'
stages:
  process_data:
    cmd: python src/data/data_main.py --force
    deps:
    - path: data/raw/dataset.csv
      hash: md5
      md5: 2c7ae2c7d1f21429cd92c7f3e04fba29
      size: 1505981
    - path: src/data/data_main.py
      hash: md5
      md5: ec20620d73b88556808849d8b39a2410
      size: 2523
    outs:
    - path: data/processed/processed_dataset.csv
      hash: md5
      md5: 1e1f0bdaf341df32a71d1d70fa776bd5
      size: 1790250
